# THIS IS AN AUTOGENERATED FILE. DO NOT EDIT THIS FILE DIRECTLY.
# yarn lockfile v1


fantastic-console@^1.0.0:
  version "1.0.0"
  resolved "https://registry.yarnpkg.com/fantastic-console/-/fantastic-console-1.0.0.tgz#e586f669ab3b2f8468c088e069b4e0a79cb2ae22"
  integrity sha512-Igouy6KS7/f1juyEhXidH3zaepgc5ZjeLnbLfe3jSr55L/MK4n6Eq8kpGBIMGWDeyBb3GbwqEasT2XNJAtVCXw==
